PackratFormat: 1.4
PackratVersion: 0.4.9.3
RVersion: 3.5.1
Repos: CRAN=https://cran.rstudio.com/

Package: BH
Source: CRAN
Version: 1.66.0-1
Hash: 4cc8883584b955ed01f38f68bc03af6d

Package: DBI
Source: CRAN
Version: 1.0.0
Hash: 6abedd7919c4457604c0aa44529a6683

Package: MASS
Source: CRAN
Version: 7.3-51.1
Hash: af8e6922880d7f071829628198cc3f13

Package: PKI
Source: CRAN
Version: 0.1-5.1
Hash: 8c194fb34ebaab38a13e43ce84feedee
Requires: base64enc

Package: R.cache
Source: CRAN
Version: 0.13.0
Hash: 0eecfcdefd20078a5ef6f1ac3b5feed4
Requires: R.methodsS3, R.oo, R.utils, digest

Package: R.methodsS3
Source: CRAN
Version: 1.7.1
Hash: 99f841ba1614c005e6672c5fb01b352a

Package: R.oo
Source: CRAN
Version: 1.22.0
Hash: c37ded09136c4ae98b9c73cf42dee3c8
Requires: R.methodsS3

Package: R.rsp
Source: CRAN
Version: 0.43.0
Hash: 30fd8402560ecbfcca6662a2029c24dd
Requires: R.cache, R.methodsS3, R.oo, R.utils, digest

Package: R.utils
Source: CRAN
Version: 2.7.0
Hash: 9f29899983c73318af90c97bca2e22ab
Requires: R.methodsS3, R.oo

Package: R6
Source: CRAN
Version: 2.3.0
Hash: 8eccabbf292b5aba632985cde6406fc3

Package: RColorBrewer
Source: CRAN
Version: 1.1-2
Hash: c0d56cd15034f395874c870141870c25

Package: RCurl
Source: CRAN
Version: 1.95-4.11
Hash: 98b1b04db217dc56baca68aa34079fdd
Requires: bitops

Package: RJSONIO
Source: CRAN
Version: 1.3-0
Hash: fb672e20eb6f3010a3639f855d8ef6de

Package: RNetCDF
Source: CRAN
Version: 1.9-1
Hash: b7713cf85e9ec8f323dc2a8a846cbff9

Package: RSQLite
Source: CRAN
Version: 2.1.1
Hash: b92e060ece86d5823549ab450f582810
Requires: BH, DBI, Rcpp, bit64, blob, memoise, pkgconfig, plogr

Package: Rcpp
Source: CRAN
Version: 0.12.19
Hash: fdff9c3aa69adac28cd5c45cd250c9da

Package: RcppCCTZ
Source: CRAN
Version: 0.2.5
Hash: 6ce4caeb57174aae5555d9c6226657ef
Requires: Rcpp

Package: abind
Source: CRAN
Version: 1.4-5
Hash: 1ceb86ef5ebe776ed4753ab6165eb6d7

Package: adehabitatMA
Source: CRAN
Version: 0.3.12
Hash: d4847ae05efd17041ce33c651d4baef0
Requires: filehash, sp

Package: assertthat
Source: CRAN
Version: 0.2.0
Hash: e8805df54c65ac96d50235c44a82615c

Package: backports
Source: CRAN
Version: 1.1.2
Hash: 5ae7b3466e529e4400951ca18c137e40

Package: base64enc
Source: CRAN
Version: 0.1-3
Hash: c590d29e555926af053055e23ee79efb

Package: bindr
Source: CRAN
Version: 0.1.1
Hash: 76578c5f543a6ecbc1365d6445f9ebf7

Package: bindrcpp
Source: CRAN
Version: 0.2.2
Hash: f3e6c1324f9b4d25e51c9b93d87209dd
Requires: Rcpp, bindr, plogr

Package: bit
Source: CRAN
Version: 1.1-14
Hash: 704eb98fa9be263c95d00df4b2a448dd

Package: bit64
Source: CRAN
Version: 0.9-7
Hash: 4b195615d19ba49c114eb04e09e30a96
Requires: bit

Package: bitops
Source: CRAN
Version: 1.0-6
Hash: 67d0775189fd0041d95abca618c5c07e

Package: blob
Source: CRAN
Version: 1.1.1
Hash: 532700d8073e660dce40a984900bc647
Requires: prettyunits

Package: caTools
Source: CRAN
Version: 1.17.1.1
Hash: 1764f9cb70825aa7a1c461e7514ffb73
Requires: bitops

Package: callr
Source: CRAN
Version: 3.0.0
Hash: 15276cfa2f9ee6de0af04a4b0692f296
Requires: R6, base64enc, processx

Package: classInt
Source: CRAN
Version: 0.2-3
Hash: 91d22562546f4334c528f4888f76641b
Requires: e1071, spData

Package: cli
Source: CRAN
Version: 1.0.1
Hash: a742a3229dbf7085c3a737af10e5065b
Requires: assertthat, crayon

Package: clipr
Source: CRAN
Version: 0.4.1
Hash: caf20ae357bfa2ed50e0e7db267f69ce

Package: clisymbols
Source: CRAN
Version: 1.2.0
Hash: a76a309884277a4fd8a5d741965fbef5

Package: colorspace
Source: CRAN
Version: 1.3-2
Hash: 0bf8618b585fa98eb23414cd3ab95118

Package: covr
Source: CRAN
Version: 3.2.1
Hash: b1dab7f44fae6114c222cee94d6acd63
Requires: crayon, digest, httr, jsonlite, rex, withr

Package: crayon
Source: CRAN
Version: 1.3.4
Hash: ff2840dd9b0d563fc80377a5a45510cd

Package: curl
Source: CRAN
Version: 3.2
Hash: e3318ec2d42d15a38485bab047d114ba

Package: data.table
Source: CRAN
Version: 1.11.8
Hash: 67c877937c790a0cadb71284febb6b34

Package: desc
Source: CRAN
Version: 1.2.0
Hash: a1fd2baa29d4954951e3d1816deab6af
Requires: R6, assertthat, crayon, rprojroot

Package: devtools
Source: CRAN
Version: 2.0.1
Hash: 4da83470ae57bd2db0ac06e91b1d3a08
Requires: callr, cli, digest, git2r, httr, jsonlite, memoise, pkgbuild,
    pkgload, rcmdcheck, remotes, rstudioapi, sessioninfo, usethis,
    withr

Package: digest
Source: CRAN
Version: 0.6.18
Hash: 65f62365ec69ddd17230d2ffe891a6ab

Package: doParallel
Source: CRAN
Version: 1.0.14
Hash: 7e564b9d723d8648b18457baba2a1383
Requires: foreach, iterators

Package: dotCall64
Source: CRAN
Version: 1.0-0
Hash: aa37ed222a6b59bbba59f2496eadbec5

Package: dplyr
Source: CRAN
Version: 0.7.7
Hash: 273dbd273dc476dbe514e8dde79c0353
Requires: BH, R6, Rcpp, assertthat, bindrcpp, glue, magrittr,
    pkgconfig, plogr, rlang, tibble, tidyselect

Package: e1071
Source: CRAN
Version: 1.7-0
Hash: 54c6b974d385e3c0961eb4cefc9ea0c5

Package: evaluate
Source: CRAN
Version: 0.12
Hash: c32505adba4f6eca5aa20dd32300b019

Package: fansi
Source: CRAN
Version: 0.4.0
Hash: f147621f72b561485bfffcae78c4f5d5

Package: fields
Source: CRAN
Version: 9.6
Hash: 35141d1c71dca17a40268b789c1bab53
Requires: maps, spam

Package: filehash
Source: CRAN
Version: 2.4-1
Hash: c538dba13727572ad546637289c903ea

Package: foreach
Source: CRAN
Version: 1.4.4
Hash: 4df5ab2c8c35382dacab75d414da6748
Requires: iterators

Package: foreign
Source: CRAN
Version: 0.8-71
Hash: ab59ff4cad00d4621acb535dae2c6410

Package: fs
Source: CRAN
Version: 1.2.6
Hash: 9f891b01356dc384c299386f87176e7d
Requires: Rcpp

Package: gatepoints
Source: CRAN
Version: 0.1.3
Hash: 8c4a2ceac13a0ca04c1f79b9745a92d2

Package: gdistance
Source: CRAN
Version: 1.2-2
Hash: 11166b9e0e7449d1a60dec46207f7e35
Requires: igraph, raster, sp

Package: geosphere
Source: CRAN
Version: 1.5-7
Hash: 006396aaed8f45b60f39b9a31537859d
Requires: sp

Package: ggplot2
Source: CRAN
Version: 3.1.0
Hash: ef541b05dda10b209d509b5bbaf46ea3
Requires: digest, gtable, lazyeval, plyr, reshape2, rlang, scales,
    tibble, viridisLite, withr

Package: gh
Source: CRAN
Version: 1.0.1
Hash: 0fafa863f1a86a1f1966e5d5b46a48b5
Requires: httr, ini, jsonlite

Package: git2r
Source: CRAN
Version: 0.23.0
Hash: f7190a7a4b5c5f0983b4b6ee29ed7bc3

Package: glue
Source: CRAN
Version: 1.3.0
Hash: 1fbde6dec830370be696eee8ef31c9e4

Package: gtable
Source: CRAN
Version: 0.2.0
Hash: cd78381a9d3fea966ac39bd0daaf5554

Package: hexbin
Source: CRAN
Version: 1.27.2
Hash: db6c71309772ea1f664081576e5b943d

Package: highr
Source: CRAN
Version: 0.7
Hash: 20757f5c393ed0ecf96c9e8e6d8d514c

Package: hms
Source: CRAN
Version: 0.4.2
Hash: b4096a4f6a6736138e9a825c2baaacf0
Requires: pkgconfig, rlang

Package: htmltools
Source: CRAN
Version: 0.3.6
Hash: 87bd72cdfc46f686bbd46b180cb5f0b5
Requires: Rcpp, digest

Package: httpuv
Source: CRAN
Version: 1.4.5
Hash: 246d4586ce2e4155b60c663db2854900
Requires: BH, Rcpp, later, promises

Package: httr
Source: CRAN
Version: 1.3.1
Hash: 2d32e01e53d532c812052e27a1021441
Requires: R6, curl, jsonlite, mime, openssl

Package: igraph
Source: CRAN
Version: 1.2.2
Hash: 1e95612a0034372c6a387fbeff90992f
Requires: magrittr, pkgconfig

Package: ini
Source: CRAN
Version: 0.3.1
Hash: 9d6de5178c1cedabfb24e7d2acc9a092

Package: iterators
Source: CRAN
Version: 1.0.10
Hash: 9f8af91e4a3487a282d7dea67513e519

Package: itertools
Source: CRAN
Version: 0.1-3
Hash: 4e049fe73806e3ae0277df68be010bd0
Requires: iterators

Package: jsonlite
Source: CRAN
Version: 1.5
Hash: 9c51936d8dd00b2f1d4fe9d10499694c

Package: knitr
Source: CRAN
Version: 1.20
Hash: 9c6b215d1d02b97586c8232e94533e6a
Requires: evaluate, highr, markdown, stringr, yaml

Package: labeling
Source: CRAN
Version: 0.3
Hash: ecf589b42cd284b03a4beb9665482d3e

Package: later
Source: CRAN
Version: 0.7.5
Hash: 73c25746adc22e414ae901c3861ffd3b
Requires: BH, Rcpp, rlang

Package: latticeExtra
Source: CRAN
Version: 0.6-28
Hash: efdf3a10a129129f7b8f4ae5a0d7ec3d
Requires: RColorBrewer

Package: lazyeval
Source: CRAN
Version: 0.2.1
Hash: 88926ad9c43581fd0822a37c8ed09f05

Package: magrittr
Source: CRAN
Version: 1.5
Hash: bdc4d48c3135e8f3b399536ddf160df4

Package: mapdata
Source: CRAN
Version: 2.3.0
Hash: 57ad2ddcd83c244bba047189a8bb6476
Requires: maps

Package: mapproj
Source: CRAN
Version: 1.2.6
Hash: 011f720efaa747ef7acfe36d74983e44
Requires: maps

Package: maps
Source: CRAN
Version: 3.3.0
Hash: 0815ed94aca05c7aeb177ebddd4ee23b

Package: maptools
Source: CRAN
Version: 0.9-4
Hash: 15ee62fdc3cd19c580450b795bcc962c
Requires: sp

Package: markdown
Source: CRAN
Version: 0.8
Hash: 045d7c594d503b41f1c28946d076c8aa
Requires: mime

Package: marmap
Source: CRAN
Version: 1.0.2
Hash: 10945d46e22c8f7f4064cdbee7c3497c
Requires: DBI, RSQLite, adehabitatMA, gdistance, geosphere, ggplot2,
    ncdf4, plotrix, raster, reshape2, shape, sp

Package: memoise
Source: CRAN
Version: 1.1.0
Hash: 410fcd334bc626db100237cc1370f2e9
Requires: digest

Package: mime
Source: CRAN
Version: 0.6
Hash: 2ed8f98b8284ad733f3907fc6e2f1334

Package: munsell
Source: CRAN
Version: 0.5.0
Hash: 247d1c1d72f3072563912ef860758624
Requires: colorspace

Package: nanotime
Source: CRAN
Version: 0.2.3
Hash: 11307518a316cc4ea4fe11ecc1f33706
Requires: RcppCCTZ, bit64, zoo

Package: ncdf4
Source: CRAN
Version: 1.16
Hash: 68486da5802565ac2e2ed038caf2b858

Package: openssl
Source: CRAN
Version: 1.0.2
Hash: 12a42cbd5aecdb887782247856ccbafd

Package: packrat
Source: CRAN
Version: 0.4.9-3
Hash: 03fb817297975f1da0d1b774b47620b3

Package: pillar
Source: CRAN
Version: 1.3.0
Hash: 3e43f774fa6dfba877caca1aebbeaa6a
Requires: cli, crayon, fansi, rlang, utf8

Package: pkgbuild
Source: CRAN
Version: 1.0.2
Hash: 63d38eff6b5a7fce20d0f24851ab4b0a
Requires: R6, callr, cli, crayon, desc, prettyunits, rprojroot, withr

Package: pkgconfig
Source: CRAN
Version: 2.0.2
Hash: b0fd6ed908e150b77e5f00c6478bd58c

Package: pkgload
Source: CRAN
Version: 1.0.2
Hash: 41eb2db35be61f6f9e8864cf87a1ecb0
Requires: desc, pkgbuild, rlang, rprojroot, rstudioapi, withr

Package: plogr
Source: CRAN
Version: 0.2.0
Hash: 81a8008a5e7858552503935f1abe48aa

Package: plotrix
Source: CRAN
Version: 3.7-4
Hash: f6b317be08f277a626884a41abc31798

Package: plyr
Source: CRAN
Version: 1.8.4
Hash: 05d65ee369a267f0d0c56604000c69b5
Requires: Rcpp

Package: praise
Source: CRAN
Version: 1.0.0
Hash: 77da8f1df873a4b91e5c4a68fe2fb1b6

Package: prettyunits
Source: CRAN
Version: 1.0.2
Hash: 49286102a855640daaa38eafe8b1ec30
Requires: assertthat, magrittr

Package: processx
Source: CRAN
Version: 3.2.0
Hash: 906405f0bc681c9438826952417d5d5a
Requires: R6, assertthat, crayon, ps

Package: promises
Source: CRAN
Version: 1.0.1
Hash: 586ef1f7d2b6c8edcd657e2a4ccc0457
Requires: R6, Rcpp, later, magrittr, rlang

Package: ps
Source: CRAN
Version: 1.2.0
Hash: 74783b96567e137000f5706e8f391d5f

Package: purrr
Source: CRAN
Version: 0.2.5
Hash: 8b0c16db10c7e20b70cd37779a673a8b
Requires: magrittr, rlang, tibble

Package: raster
Source: CRAN
Version: 2.7-15
Hash: 7378dc7fc4cdca481aca1a3653747b9b
Requires: Rcpp, sp

Package: rasterVis
Source: CRAN
Version: 0.45
Hash: 6966d35237fc0c4e6b00ccac6aecbea8
Requires: RColorBrewer, hexbin, latticeExtra, raster, sp, viridisLite,
    zoo

Package: rcmdcheck
Source: CRAN
Version: 1.3.0
Hash: fa393406ee13ce387bc4eae82407c34a
Requires: R6, callr, cli, crayon, desc, digest, pkgbuild, prettyunits,
    rprojroot, withr, xopen

Package: readr
Source: CRAN
Version: 1.1.1
Hash: 2402aa4beb466bc42b2c65515f11349a
Requires: BH, R6, Rcpp, hms, tibble

Package: remotes
Source: CRAN
Version: 2.0.2
Hash: 7ce52c748688713b0569596bda4f52cc

Package: reshape2
Source: CRAN
Version: 1.4.3
Hash: a08472524968be4e233b4c8d0ae5aef1
Requires: Rcpp, plyr, stringr

Package: rex
Source: CRAN
Version: 1.1.2
Hash: 57541aaae58f1a284a398f5c62c95097
Requires: lazyeval, magrittr

Package: rgdal
Source: CRAN
Version: 1.3-6
Hash: 06f259084b63aa1118ad251d9f651e02
Requires: sp

Package: rgeos
Source: CRAN
Version: 0.4-1
Hash: 7246f934d817008c96bd36a7d47f6686
Requires: sp

Package: rlang
Source: CRAN
Version: 0.3.0.1
Hash: 35fb7a51d5d756c56f793ed9c381fb84

Package: rmarkdown
Source: CRAN
Version: 1.10
Hash: 02f1aac33000c63986c6b5585e36e7ae
Requires: base64enc, evaluate, htmltools, jsonlite, knitr, mime,
    rprojroot, stringr, tinytex, yaml

Package: rnaturalearth
Source: CRAN
Version: 0.1.0
Hash: 2332ccd1574da2fe932b317e179dcc32
Requires: sf, sp

Package: rprojroot
Source: CRAN
Version: 1.3-2
Hash: a25c3f70c166fb3fbabc410eb32b6366
Requires: backports

Package: rsconnect
Source: CRAN
Version: 0.8.8
Hash: 65aaa7b253eda0ec1dcd1b1352c7b3ee
Requires: PKI, RCurl, RJSONIO, digest, packrat, rstudioapi, yaml

Package: rstudioapi
Source: CRAN
Version: 0.8
Hash: 9ba7fe76dcaf96966c449527ca04bb78

Package: rworldmap
Source: CRAN
Version: 1.3-6
Hash: be6e37948fed2728262e0dba532da868
Requires: fields, maptools, sp

Package: rworldxtra
Source: CRAN
Version: 1.01
Hash: 8330854be8a23bdcc8f47b7e705d186f
Requires: sp

Package: scales
Source: CRAN
Version: 1.0.0
Hash: 17b6945d25b9288cdf03f5e5005842dc
Requires: R6, RColorBrewer, Rcpp, labeling, munsell, viridisLite

Package: sessioninfo
Source: CRAN
Version: 1.1.0
Hash: 04fbf3b4a7f66652abb47a7346cbcbda
Requires: cli, withr

Package: sf
Source: CRAN
Version: 0.7-1
Hash: 61dddb39135414ea3939a7217ea60b70
Requires: DBI, Rcpp, classInt, magrittr, units

Package: shape
Source: CRAN
Version: 1.4.4
Hash: d9ee1bfe0f9d8e442b96dc78ac12223c

Package: shiny
Source: CRAN
Version: 1.1.0
Hash: ab653b45dba6dc82eef68fb1e18a3b1a
Requires: R6, crayon, digest, htmltools, httpuv, jsonlite, later, mime,
    promises, rlang, sourcetools, xtable

Package: sourcetools
Source: CRAN
Version: 0.1.7
Hash: d093478ac90064e670cd4bf1a99b47b6

Package: sp
Source: CRAN
Version: 1.3-1
Hash: 01decf1327caff54d7822434d07fa959

Package: spData
Source: CRAN
Version: 0.2.9.4
Hash: 2f515de42b4e495a99dee65e18615516

Package: spam
Source: CRAN
Version: 2.2-0
Hash: 85bb6918ac39fcc71822e4759b50c8b3
Requires: dotCall64

Package: stringi
Source: CRAN
Version: 1.2.4
Hash: 03ab60ef7fa4627b38ad67c95ce6b04c

Package: stringr
Source: CRAN
Version: 1.3.1
Hash: 9f417a1d899ed1f080942ab36998e8b5
Requires: glue, magrittr, stringi

Package: testthat
Source: CRAN
Version: 2.0.1
Hash: 777eb6e94f5a62bf6320fecf0175bbbb
Requires: R6, cli, crayon, digest, magrittr, praise, rlang, withr

Package: tibble
Source: CRAN
Version: 1.4.2
Hash: 83895360ce4f8d2ce92eee00526b5b0b
Requires: cli, crayon, pillar, rlang

Package: tidyselect
Source: CRAN
Version: 0.2.5
Hash: 88891106d77ba41f4c1d623872ea68f7
Requires: Rcpp, glue, purrr, rlang

Package: tinytex
Source: CRAN
Version: 0.9
Hash: a4ffe98c58eace5a95644d8fd6ca5a50
Requires: xfun

Package: units
Source: CRAN
Version: 0.6-1
Hash: c5688fcd8c49ef90e2c6aa603efce61e
Requires: Rcpp

Package: useful
Source: CRAN
Version: 1.2.6
Hash: e1c4a71a78aa765ad3f4a369fde81323
Requires: assertthat, dplyr, ggplot2, magrittr, plyr, purrr, scales

Package: usethis
Source: CRAN
Version: 1.4.0
Hash: bdf0ce7802818c5dfc592dd73d62db5b
Requires: clipr, clisymbols, crayon, curl, desc, fs, gh, git2r, glue,
    rlang, rprojroot, rstudioapi, whisker

Package: utf8
Source: CRAN
Version: 1.1.4
Hash: f3f97ce59092abc8ed3fd098a59e236c

Package: viridisLite
Source: CRAN
Version: 0.3.0
Hash: 78bb072c4f9e729a283d4c40ec93f9c6

Package: whisker
Source: CRAN
Version: 0.3-2
Hash: 803d662762e532705c2c066a82d066e7

Package: withr
Source: CRAN
Version: 2.1.2
Hash: d534108bcd5f34ec73e9eb523751ba20

Package: xfun
Source: CRAN
Version: 0.4
Hash: 76004125b45195c0330ec71904849995

Package: xopen
Source: CRAN
Version: 1.0.0
Hash: 8b6f6fc52d89c441e9532ba6efc47961
Requires: processx

Package: xtable
Source: CRAN
Version: 1.8-3
Hash: 857a3e7f33eac216c8d0d2fdbf0a3798

Package: xts
Source: CRAN
Version: 0.11-1
Hash: fa9b94147acab57ad1bcd07dc1260d29
Requires: zoo

Package: yaml
Source: CRAN
Version: 2.2.0
Hash: a5ad5616d83d89f8d84cbf3cf4034e13

Package: zoo
Source: CRAN
Version: 1.8-4
Hash: 3edc81171d764bf644cfeb4bd0b77040
